
Microsoft Visual Studio Solution File, Format Version 12.00
# Visual Studio Version 17
VisualStudioVersion = 17.5.33502.453
MinimumVisualStudioVersion = 10.0.40219.1
Project("{9A19103F-16F7-4668-BE54-9A1E7A4F7556}") = "Reddit", "Reddit\Reddit.csproj", "{2B347BD0-29D6-4C70-9F07-50AB12A78183}"
EndProject
Project("{9A19103F-16F7-4668-BE54-9A1E7A4F7556}") = "DataLayer", "DataLayer\DataLayer.csproj", "{E342A694-DB6C-48AA-A0AA-3C4B6C2A255A}"
EndProject
Project("{9A19103F-16F7-4668-BE54-9A1E7A4F7556}") = "Core", "Core\Core.csproj", "{0875C538-7832-4851-B772-5E25E95F8CB7}"
EndProject
Global
	GlobalSection(SolutionConfigurationPlatforms) = preSolution
		Debug|Any CPU = Debug|Any CPU
		Release|Any CPU = Release|Any CPU
	EndGlobalSection
	GlobalSection(ProjectConfigurationPlatforms) = postSolution
		{2B347BD0-29D6-4C70-9F07-50AB12A78183}.Debug|Any CPU.ActiveCfg = Debug|Any CPU
		{2B347BD0-29D6-4C70-9F07-50AB12A78183}.Debug|Any CPU.Build.0 = Debug|Any CPU
		{2B347BD0-29D6-4C70-9F07-50AB12A78183}.Release|Any CPU.ActiveCfg = Release|Any CPU
		{2B347BD0-29D6-4C70-9F07-50AB12A78183}.Release|Any CPU.Build.0 = Release|Any CPU
		{E342A694-DB6C-48AA-A0AA-3C4B6C2A255A}.Debug|Any CPU.ActiveCfg = Debug|Any CPU
		{E342A694-DB6C-48AA-A0AA-3C4B6C2A255A}.Debug|Any CPU.Build.0 = Debug|Any CPU
		{E342A694-DB6C-48AA-A0AA-3C4B6C2A255A}.Release|Any CPU.ActiveCfg = Release|Any CPU
		{E342A694-DB6C-48AA-A0AA-3C4B6C2A255A}.Release|Any CPU.Build.0 = Release|Any CPU
		{0875C538-7832-4851-B772-5E25E95F8CB7}.Debug|Any CPU.ActiveCfg = Debug|Any CPU
		{0875C538-7832-4851-B772-5E25E95F8CB7}.Debug|Any CPU.Build.0 = Debug|Any CPU
		{0875C538-7832-4851-B772-5E25E95F8CB7}.Release|Any CPU.ActiveCfg = Release|Any CPU
		{0875C538-7832-4851-B772-5E25E95F8CB7}.Release|Any CPU.Build.0 = Release|Any CPU
	EndGlobalSection
	GlobalSection(SolutionProperties) = preSolution
		HideSolutionNode = FALSE
	EndGlobalSection
	GlobalSection(ExtensibilityGlobals) = postSolution
		SolutionGuid = {C90F7501-0965-4073-9E2F-1427C885ADE3}
	EndGlobalSection
EndGlobal
